// !$*UTF8*$!
{
	archiveVersion = 1;
	classes = {
	};
	objectVersion = 55;
	objects = {

/* Begin PBXBuildFile section */
		85BE35BF29A5C79700D35777 /* Grocery_List_v2App.swift in Sources */ = {isa = PBXBuildFile; fileRef = 85BE35BE29A5C79700D35777 /* Grocery_List_v2App.swift */; };
		85BE35C129A5C79700D35777 /* ContentView.swift in Sources */ = {isa = PBXBuildFile; fileRef = 85BE35C029A5C79700D35777 /* ContentView.swift */; };
		85BE35C329A5C79800D35777 /* Assets.xcassets in Resources */ = {isa = PBXBuildFile; fileRef = 85BE35C229A5C79800D35777 /* Assets.xcassets */; };
		85BE35C629A5C79800D35777 /* Preview Assets.xcassets in Resources */ = {isa = PBXBuildFile; fileRef = 85BE35C529A5C79800D35777 /* Preview Assets.xcassets */; };
		85BE35CD29A5C80400D35777 /* groceryData.json in Resources */ = {isa = PBXBuildFile; fileRef = 85BE35CC29A5C80400D35777 /* groceryData.json */; };
		85BE35D129A5C83900D35777 /* ModelData.swift in Sources */ = {isa = PBXBuildFile; fileRef = 85BE35D029A5C83900D35777 /* ModelData.swift */; };
		85BE35D329A5C86400D35777 /* Grocery.swift in Sources */ = {isa = PBXBuildFile; fileRef = 85BE35D229A5C86400D35777 /* Grocery.swift */; };
		85BE35D629A5C94B00D35777 /* GroceryList.swift in Sources */ = {isa = PBXBuildFile; fileRef = 85BE35D529A5C94B00D35777 /* GroceryList.swift */; };
		85BE35D829A5C9D600D35777 /* GroceryDetail.swift in Sources */ = {isa = PBXBuildFile; fileRef = 85BE35D729A5C9D600D35777 /* GroceryDetail.swift */; };
		85BE35DA29A5C9DE00D35777 /* GroceryRow.swift in Sources */ = {isa = PBXBuildFile; fileRef = 85BE35D929A5C9DE00D35777 /* GroceryRow.swift */; };
		85BE35DC29A5CEA900D35777 /* ItemDetail.swift in Sources */ = {isa = PBXBuildFile; fileRef = 85BE35DB29A5CEA900D35777 /* ItemDetail.swift */; };
		85BE35DE29A5CEB200D35777 /* ItemRow.swift in Sources */ = {isa = PBXBuildFile; fileRef = 85BE35DD29A5CEB200D35777 /* ItemRow.swift */; };
		85BE35E029A5D17800D35777 /* CheckBox.swift in Sources */ = {isa = PBXBuildFile; fileRef = 85BE35DF29A5D17800D35777 /* CheckBox.swift */; };
/* End PBXBuildFile section */

/* Begin PBXFileReference section */
		85BE35BB29A5C79700D35777 /* Grocery_List_v2.app */ = {isa = PBXFileReference; explicitFileType = wrapper.application; includeInIndex = 0; path = Grocery_List_v2.app; sourceTree = BUILT_PRODUCTS_DIR; };
		85BE35BE29A5C79700D35777 /* Grocery_List_v2App.swift */ = {isa = PBXFileReference; lastKnownFileType = sourcecode.swift; path = Grocery_List_v2App.swift; sourceTree = "<group>"; };
		85BE35C029A5C79700D35777 /* ContentView.swift */ = {isa = PBXFileReference; lastKnownFileType = sourcecode.swift; path = ContentView.swift; sourceTree = "<group>"; };
		85BE35C229A5C79800D35777 /* Assets.xcassets */ = {isa = PBXFileReference; lastKnownFileType = folder.assetcatalog; path = Assets.xcassets; sourceTree = "<group>"; };
		85BE35C529A5C79800D35777 /* Preview Assets.xcassets */ = {isa = PBXFileReference; lastKnownFileType = folder.assetcatalog; path = "Preview Assets.xcassets"; sourceTree = "<group>"; };
		85BE35CC29A5C80400D35777 /* groceryData.json */ = {isa = PBXFileReference; lastKnownFileType = text.json; path = groceryData.json; sourceTree = "<group>"; };
		85BE35D029A5C83900D35777 /* ModelData.swift */ = {isa = PBXFileReference; lastKnownFileType = sourcecode.swift; path = ModelData.swift; sourceTree = "<group>"; };
		85BE35D229A5C86400D35777 /* Grocery.swift */ = {isa = PBXFileReference; lastKnownFileType = sourcecode.swift; path = Grocery.swift; sourceTree = "<group>"; };
		85BE35D529A5C94B00D35777 /* GroceryList.swift */ = {isa = PBXFileReference; lastKnownFileType = sourcecode.swift; path = GroceryList.swift; sourceTree = "<group>"; };
		85BE35D729A5C9D600D35777 /* GroceryDetail.swift */ = {isa = PBXFileReference; lastKnownFileType = sourcecode.swift; path = GroceryDetail.swift; sourceTree = "<group>"; };
		85BE35D929A5C9DE00D35777 /* GroceryRow.swift */ = {isa = PBXFileReference; lastKnownFileType = sourcecode.swift; path = GroceryRow.swift; sourceTree = "<group>"; };
		85BE35DB29A5CEA900D35777 /* ItemDetail.swift */ = {isa = PBXFileReference; lastKnownFileType = sourcecode.swift; path = ItemDetail.swift; sourceTree = "<group>"; };
		85BE35DD29A5CEB200D35777 /* ItemRow.swift */ = {isa = PBXFileReference; lastKnownFileType = sourcecode.swift; path = ItemRow.swift; sourceTree = "<group>"; };
		85BE35DF29A5D17800D35777 /* CheckBox.swift */ = {isa = PBXFileReference; lastKnownFileType = sourcecode.swift; path = CheckBox.swift; sourceTree = "<group>"; };
/* End PBXFileReference section */

/* Begin PBXFrameworksBuildPhase section */
		85BE35B829A5C79700D35777 /* Frameworks */ = {
			isa = PBXFrameworksBuildPhase;
			buildActionMask = 2147483647;
			files = (
			);
			runOnlyForDeploymentPostprocessing = 0;
		};
/* End PBXFrameworksBuildPhase section */

/* Begin PBXGroup section */
		85BE35B229A5C79700D35777 = {
			isa = PBXGroup;
			children = (
				85BE35BD29A5C79700D35777 /* Grocery_List_v2 */,
				85BE35BC29A5C79700D35777 /* Products */,
			);
			sourceTree = "<group>";
		};
		85BE35BC29A5C79700D35777 /* Products */ = {
			isa = PBXGroup;
			children = (
				85BE35BB29A5C79700D35777 /* Grocery_List_v2.app */,
			);
			name = Products;
			sourceTree = "<group>";
		};
		85BE35BD29A5C79700D35777 /* Grocery_List_v2 */ = {
			isa = PBXGroup;
			children = (
				85BE35D429A5C92E00D35777 /* Views */,
				85BE35CF29A5C82100D35777 /* Model */,
				85BE35CE29A5C81500D35777 /* Resources */,
				85BE35BE29A5C79700D35777 /* Grocery_List_v2App.swift */,
				85BE35C029A5C79700D35777 /* ContentView.swift */,
				85BE35C229A5C79800D35777 /* Assets.xcassets */,
				85BE35C429A5C79800D35777 /* Preview Content */,
			);
			path = Grocery_List_v2;
			sourceTree = "<group>";
		};
		85BE35C429A5C79800D35777 /* Preview Content */ = {
			isa = PBXGroup;
			children = (
				85BE35C529A5C79800D35777 /* Preview Assets.xcassets */,
			);
			path = "Preview Content";
			sourceTree = "<group>";
		};
		85BE35CE29A5C81500D35777 /* Resources */ = {
			isa = PBXGroup;
			children = (
				85BE35CC29A5C80400D35777 /* groceryData.json */,
			);
			path = Resources;
			sourceTree = "<group>";
		};
		85BE35CF29A5C82100D35777 /* Model */ = {
			isa = PBXGroup;
			children = (
				85BE35D029A5C83900D35777 /* ModelData.swift */,
				85BE35D229A5C86400D35777 /* Grocery.swift */,
			);
			path = Model;
			sourceTree = "<group>";
		};
		85BE35D429A5C92E00D35777 /* Views */ = {
			isa = PBXGroup;
			children = (
				85BE35D529A5C94B00D35777 /* GroceryList.swift */,
				85BE35D729A5C9D600D35777 /* GroceryDetail.swift */,
				85BE35D929A5C9DE00D35777 /* GroceryRow.swift */,
				85BE35DB29A5CEA900D35777 /* ItemDetail.swift */,
				85BE35DD29A5CEB200D35777 /* ItemRow.swift */,
				85BE35DF29A5D17800D35777 /* CheckBox.swift */,
			);
			path = Views;
			sourceTree = "<group>";
		};
/* End PBXGroup section */

/* Begin PBXNativeTarget section */
		85BE35BA29A5C79700D35777 /* Grocery_List_v2 */ = {
			isa = PBXNativeTarget;
			buildConfigurationList = 85BE35C929A5C79800D35777 /* Build configuration list for PBXNativeTarget "Grocery_List_v2" */;
			buildPhases = (
				85BE35B729A5C79700D35777 /* Sources */,
				85BE35B829A5C79700D35777 /* Frameworks */,
				85BE35B929A5C79700D35777 /* Resources */,
			);
			buildRules = (
			);
			dependencies = (
			);
			name = Grocery_List_v2;
			productName = Grocery_List_v2;
			productReference = 85BE35BB29A5C79700D35777 /* Grocery_List_v2.app */;
			productType = "com.apple.product-type.application";
		};
/* End PBXNativeTarget section */

/* Begin PBXProject section */
		85BE35B329A5C79700D35777 /* Project object */ = {
			isa = PBXProject;
			attributes = {
				BuildIndependentTargetsInParallel = 1;
				LastSwiftUpdateCheck = 1340;
				LastUpgradeCheck = 1340;
				TargetAttributes = {
					85BE35BA29A5C79700D35777 = {
						CreatedOnToolsVersion = 13.4.1;
					};
				};
			};
			buildConfigurationList = 85BE35B629A5C79700D35777 /* Build configuration list for PBXProject "Grocery_List_v2" */;
			compatibilityVersion = "Xcode 13.0";
			developmentRegion = en;
			hasScannedForEncodings = 0;
			knownRegions = (
				en,
				Base,
			);
			mainGroup = 85BE35B229A5C79700D35777;
			productRefGroup = 85BE35BC29A5C79700D35777 /* Products */;
			projectDirPath = "";
			projectRoot = "";
			targets = (
				85BE35BA29A5C79700D35777 /* Grocery_List_v2 */,
			);
		};
/* End PBXProject section */

/* Begin PBXResourcesBuildPhase section */
		85BE35B929A5C79700D35777 /* Resources */ = {
			isa = PBXResourcesBuildPhase;
			buildActionMask = 2147483647;
			files = (
				85BE35C629A5C79800D35777 /* Preview Assets.xcassets in Resources */,
				85BE35CD29A5C80400D35777 /* groceryData.json in Resources */,
				85BE35C329A5C79800D35777 /* Assets.xcassets in Resources */,
			);
			runOnlyForDeploymentPostprocessing = 0;
		};
/* End PBXResourcesBuildPhase section */

/* Begin PBXSourcesBuildPhase section */
		85BE35B729A5C79700D35777 /* Sources */ = {
			isa = PBXSourcesBuildPhase;
			buildActionMask = 2147483647;
			files = (
				85BE35DE29A5CEB200D35777 /* ItemRow.swift in Sources */,
				85BE35D829A5C9D600D35777 /* GroceryDetail.swift in Sources */,
				85BE35C129A5C79700D35777 /* ContentView.swift in Sources */,
				85BE35D329A5C86400D35777 /* Grocery.swift in Sources */,
				85BE35E029A5D17800D35777 /* CheckBox.swift in Sources */,
				85BE35D629A5C94B00D35777 /* GroceryList.swift in Sources */,
				85BE35DA29A5C9DE00D35777 /* GroceryRow.swift in Sources */,
				85BE35DC29A5CEA900D35777 /* ItemDetail.swift in Sources */,
				85BE35BF29A5C79700D35777 /* Grocery_List_v2App.swift in Sources */,
				85BE35D129A5C83900D35777 /* ModelData.swift in Sources */,
			);
			runOnlyForDeploymentPostprocessing = 0;
		};
/* End PBXSourcesBuildPhase section */

/* Begin XCBuildConfiguration section */
		85BE35C729A5C79800D35777 /* Debug */ = {
			isa = XCBuildConfiguration;
			buildSettings = {
				ALWAYS_SEARCH_USER_PATHS = NO;
				CLANG_ANALYZER_NONNULL = YES;
				CLANG_ANALYZER_NUMBER_OBJECT_CONVERSION = YES_AGGRESSIVE;
				CLANG_CXX_LANGUAGE_STANDARD = "gnu++17";
				CLANG_ENABLE_MODULES = YES;
				CLANG_ENABLE_OBJC_ARC = YES;
				CLANG_ENABLE_OBJC_WEAK = YES;
				CLANG_WARN_BLOCK_CAPTURE_AUTORELEASING = YES;
				CLANG_WARN_BOOL_CONVERSION = YES;
				CLANG_WARN_COMMA = YES;
				CLANG_WARN_CONSTANT_CONVERSION = YES;
				CLANG_WARN_DEPRECATED_OBJC_IMPLEMENTATIONS = YES;
				CLANG_WARN_DIRECT_OBJC_ISA_USAGE = YES_ERROR;
				CLANG_WARN_DOCUMENTATION_COMMENTS = YES;
				CLANG_WARN_EMPTY_BODY = YES;
				CLANG_WARN_ENUM_CONVERSION = YES;
				CLANG_WARN_INFINITE_RECURSION = YES;
				CLANG_WARN_INT_CONVERSION = YES;
				CLANG_WARN_NON_LITERAL_NULL_CONVERSION = YES;
				CLANG_WARN_OBJC_IMPLICIT_RETAIN_SELF = YES;
				CLANG_WARN_OBJC_LITERAL_CONVERSION = YES;
				CLANG_WARN_OBJC_ROOT_CLASS = YES_ERROR;
				CLANG_WARN_QUOTED_INCLUDE_IN_FRAMEWORK_HEADER = YES;
				CLANG_WARN_RANGE_LOOP_ANALYSIS = YES;
				CLANG_WARN_STRICT_PROTOTYPES = YES;
				CLANG_WARN_SUSPICIOUS_MOVE = YES;
				CLANG_WARN_UNGUARDED_AVAILABILITY = YES_AGGRESSIVE;
				CLANG_WARN_UNREACHABLE_CODE = YES;
				CLANG_WARN__DUPLICATE_METHOD_MATCH = YES;
				COPY_PHASE_STRIP = NO;
				DEBUG_INFORMATION_FORMAT = dwarf;
				ENABLE_STRICT_OBJC_MSGSEND = YES;
				ENABLE_TESTABILITY = YES;
				GCC_C_LANGUAGE_STANDARD = gnu11;
				GCC_DYNAMIC_NO_PIC = NO;
				GCC_NO_COMMON_BLOCKS = YES;
				GCC_OPTIMIZATION_LEVEL = 0;
				GCC_PREPROCESSOR_DEFINITIONS = (
					"DEBUG=1",
					"$(inherited)",
				);
				GCC_WARN_64_TO_32_BIT_CONVERSION = YES;
				GCC_WARN_ABOUT_RETURN_TYPE = YES_ERROR;
				GCC_WARN_UNDECLARED_SELECTOR = YES;
				GCC_WARN_UNINITIALIZED_AUTOS = YES_AGGRESSIVE;
				GCC_WARN_UNUSED_FUNCTION = YES;
				GCC_WARN_UNUSED_VARIABLE = YES;
				IPHONEOS_DEPLOYMENT_TARGET = 15.5;
				MTL_ENABLE_DEBUG_INFO = INCLUDE_SOURCE;
				MTL_FAST_MATH = YES;
				ONLY_ACTIVE_ARCH = YES;
				SDKROOT = iphoneos;
				SWIFT_ACTIVE_COMPILATION_CONDITIONS = DEBUG;
				SWIFT_OPTIMIZATION_LEVEL = "-Onone";
			};
			name = Debug;
		};
		85BE35C829A5C79800D35777 /* Release */ = {
			isa = XCBuildConfiguration;
			buildSettings = {
				ALWAYS_SEARCH_USER_PATHS = NO;
				CLANG_ANALYZER_NONNULL = YES;
				CLANG_ANALYZER_NUMBER_OBJECT_CONVERSION = YES_AGGRESSIVE;
				CLANG_CXX_LANGUAGE_STANDARD = "gnu++17";
				CLANG_ENABLE_MODULES = YES;
				CLANG_ENABLE_OBJC_ARC = YES;
				CLANG_ENABLE_OBJC_WEAK = YES;
				CLANG_WARN_BLOCK_CAPTURE_AUTORELEASING = YES;
				CLANG_WARN_BOOL_CONVERSION = YES;
				CLANG_WARN_COMMA = YES;
				CLANG_WARN_CONSTANT_CONVERSION = YES;
				CLANG_WARN_DEPRECATED_OBJC_IMPLEMENTATIONS = YES;
				CLANG_WARN_DIRECT_OBJC_ISA_USAGE = YES_ERROR;
				CLANG_WARN_DOCUMENTATION_COMMENTS = YES;
				CLANG_WARN_EMPTY_BODY = YES;
				CLANG_WARN_ENUM_CONVERSION = YES;
				CLANG_WARN_INFINITE_RECURSION = YES;
				CLANG_WARN_INT_CONVERSION = YES;
				CLANG_WARN_NON_LITERAL_NULL_CONVERSION = YES;
				CLANG_WARN_OBJC_IMPLICIT_RETAIN_SELF = YES;
				CLANG_WARN_OBJC_LITERAL_CONVERSION = YES;
				CLANG_WARN_OBJC_ROOT_CLASS = YES_ERROR;
				CLANG_WARN_QUOTED_INCLUDE_IN_FRAMEWORK_HEADER = YES;
				CLANG_WARN_RANGE_LOOP_ANALYSIS = YES;
				CLANG_WARN_STRICT_PROTOTYPES = YES;
				CLANG_WARN_SUSPICIOUS_MOVE = YES;
				CLANG_WARN_UNGUARDED_AVAILABILITY = YES_AGGRESSIVE;
				CLANG_WARN_UNREACHABLE_CODE = YES;
				CLANG_WARN__DUPLICATE_METHOD_MATCH = YES;
				COPY_PHASE_STRIP = NO;
				DEBUG_INFORMATION_FORMAT = "dwarf-with-dsym";
				ENABLE_NS_ASSERTIONS = NO;
				ENABLE_STRICT_OBJC_MSGSEND = YES;
				GCC_C_LANGUAGE_STANDARD = gnu11;
				GCC_NO_COMMON_BLOCKS = YES;
				GCC_WARN_64_TO_32_BIT_CONVERSION = YES;
				GCC_WARN_ABOUT_RETURN_TYPE = YES_ERROR;
				GCC_WARN_UNDECLARED_SELECTOR = YES;
				GCC_WARN_UNINITIALIZED_AUTOS = YES_AGGRESSIVE;
				GCC_WARN_UNUSED_FUNCTION = YES;
				GCC_WARN_UNUSED_VARIABLE = YES;
				IPHONEOS_DEPLOYMENT_TARGET = 15.5;
				MTL_ENABLE_DEBUG_INFO = NO;
				MTL_FAST_MATH = YES;
				SDKROOT = iphoneos;
				SWIFT_COMPILATION_MODE = wholemodule;
				SWIFT_OPTIMIZATION_LEVEL = "-O";
				VALIDATE_PRODUCT = YES;
			};
			name = Release;
		};
		85BE35CA29A5C79800D35777 /* Debug */ = {
			isa = XCBuildConfiguration;
			buildSettings = {
				ASSETCATALOG_COMPILER_APPICON_NAME = AppIcon;
				ASSETCATALOG_COMPILER_GLOBAL_ACCENT_COLOR_NAME = AccentColor;
				CODE_SIGN_STYLE = Automatic;
				CURRENT_PROJECT_VERSION = 1;
				DEVELOPMENT_ASSET_PATHS = "\"Grocery_List_v2/Preview Content\"";
				ENABLE_PREVIEWS = YES;
				GENERATE_INFOPLIST_FILE = YES;
				INFOPLIST_KEY_UIApplicationSceneManifest_Generation = YES;
				INFOPLIST_KEY_UIApplicationSupportsIndirectInputEvents = YES;
				INFOPLIST_KEY_UILaunchScreen_Generation = YES;
				INFOPLIST_KEY_UISupportedInterfaceOrientations_iPad = "UIInterfaceOrientationPortrait UIInterfaceOrientationPortraitUpsideDown UIInterfaceOrientationLandscapeLeft UIInterfaceOrientationLandscapeRight";
				INFOPLIST_KEY_UISupportedInterfaceOrientations_iPhone = "UIInterfaceOrientationPortrait UIInterfaceOrientationLandscapeLeft UIInterfaceOrientationLandscapeRight";
				LD_RUNPATH_SEARCH_PATHS = (
					"$(inherited)",
					"@executable_path/Frameworks",
				);
				MARKETING_VERSION = 1.0;
				PRODUCT_BUNDLE_IDENTIFIER = "com.chow.Grocery-List-v2";
				PRODUCT_NAME = "$(TARGET_NAME)";
				SWIFT_EMIT_LOC_STRINGS = YES;
				SWIFT_VERSION = 5.0;
				TARGETED_DEVICE_FAMILY = "1,2";
			};
			name = Debug;
		};
		85BE35CB29A5C79800D35777 /* Release */ = {
			isa = XCBuildConfiguration;
			buildSettings = {
				ASSETCATALOG_COMPILER_APPICON_NAME = AppIcon;
				ASSETCATALOG_COMPILER_GLOBAL_ACCENT_COLOR_NAME = AccentColor;
				CODE_SIGN_STYLE = Automatic;
				CURRENT_PROJECT_VERSION = 1;
				DEVELOPMENT_ASSET_PATHS = "\"Grocery_List_v2/Preview Content\"";
				ENABLE_PREVIEWS = YES;
				GENERATE_INFOPLIST_FILE = YES;
				INFOPLIST_KEY_UIApplicationSceneManifest_Generation = YES;
				INFOPLIST_KEY_UIApplicationSupportsIndirectInputEvents = YES;
				INFOPLIST_KEY_UILaunchScreen_Generation = YES;
				INFOPLIST_KEY_UISupportedInterfaceOrientations_iPad = "UIInterfaceOrientationPortrait UIInterfaceOrientationPortraitUpsideDown UIInterfaceOrientationLandscapeLeft UIInterfaceOrientationLandscapeRight";
				INFOPLIST_KEY_UISupportedInterfaceOrientations_iPhone = "UIInterfaceOrientationPortrait UIInterfaceOrientationLandscapeLeft UIInterfaceOrientationLandscapeRight";
				LD_RUNPATH_SEARCH_PATHS = (
					"$(inherited)",
					"@executable_path/Frameworks",
				);
				MARKETING_VERSION = 1.0;
				PRODUCT_BUNDLE_IDENTIFIER = "com.chow.Grocery-List-v2";
				PRODUCT_NAME = "$(TARGET_NAME)";
				SWIFT_EMIT_LOC_STRINGS = YES;
				SWIFT_VERSION = 5.0;
				TARGETED_DEVICE_FAMILY = "1,2";
			};
			name = Release;
		};
/* End XCBuildConfiguration section */

/* Begin XCConfigurationList section */
		85BE35B629A5C79700D35777 /* Build configuration list for PBXProject "Grocery_List_v2" */ = {
			isa = XCConfigurationList;
			buildConfigurations = (
				85BE35C729A5C79800D35777 /* Debug */,
				85BE35C829A5C79800D35777 /* Release */,
			);
			defaultConfigurationIsVisible = 0;
			defaultConfigurationName = Release;
		};
		85BE35C929A5C79800D35777 /* Build configuration list for PBXNativeTarget "Grocery_List_v2" */ = {
			isa = XCConfigurationList;
			buildConfigurations = (
				85BE35CA29A5C79800D35777 /* Debug */,
				85BE35CB29A5C79800D35777 /* Release */,
			);
			defaultConfigurationIsVisible = 0;
			defaultConfigurationName = Release;
		};
/* End XCConfigurationList section */
	};
	rootObject = 85BE35B329A5C79700D35777 /* Project object */;
}
